// !$*UTF8*$!
{
	archiveVersion = 1;
	classes = {
	};
	objectVersion = 56;
	objects = {

/* Begin PBXBuildFile section */
		CDDC793B2C6573FA00DC8323 /* AppDelegate.swift in Sources */ = {isa = PBXBuildFile; fileRef = CDDC793A2C6573FA00DC8323 /* AppDelegate.swift */; };
		CDDC793D2C6573FA00DC8323 /* SceneDelegate.swift in Sources */ = {isa = PBXBuildFile; fileRef = CDDC793C2C6573FA00DC8323 /* SceneDelegate.swift */; };
		CDDC79422C6573FA00DC8323 /* Base in Resources */ = {isa = PBXBuildFile; fileRef = CDDC79412C6573FA00DC8323 /* Base */; };
		CDDC79452C6573FA00DC8323 /* Notes2.xcdatamodeld in Sources */ = {isa = PBXBuildFile; fileRef = CDDC79432C6573FA00DC8323 /* Notes2.xcdatamodeld */; };
		CDDC79472C6573FE00DC8323 /* Assets.xcassets in Resources */ = {isa = PBXBuildFile; fileRef = CDDC79462C6573FE00DC8323 /* Assets.xcassets */; };
		CDDC794A2C6573FE00DC8323 /* Base in Resources */ = {isa = PBXBuildFile; fileRef = CDDC79492C6573FE00DC8323 /* Base */; };
		CDDC79542C65743C00DC8323 /* HomeViewController.swift in Sources */ = {isa = PBXBuildFile; fileRef = CDDC79532C65743C00DC8323 /* HomeViewController.swift */; };
		CDDC79582C65745600DC8323 /* AddNoteViewController.swift in Sources */ = {isa = PBXBuildFile; fileRef = CDDC79572C65745600DC8323 /* AddNoteViewController.swift */; };
		CDDC795A2C65746D00DC8323 /* Note.swift in Sources */ = {isa = PBXBuildFile; fileRef = CDDC79592C65746D00DC8323 /* Note.swift */; };
/* End PBXBuildFile section */

/* Begin PBXFileReference section */
		CDDC79372C6573FA00DC8323 /* Notes2.app */ = {isa = PBXFileReference; explicitFileType = wrapper.application; includeInIndex = 0; path = Notes2.app; sourceTree = BUILT_PRODUCTS_DIR; };
		CDDC793A2C6573FA00DC8323 /* AppDelegate.swift */ = {isa = PBXFileReference; lastKnownFileType = sourcecode.swift; path = AppDelegate.swift; sourceTree = "<group>"; };
		CDDC793C2C6573FA00DC8323 /* SceneDelegate.swift */ = {isa = PBXFileReference; lastKnownFileType = sourcecode.swift; path = SceneDelegate.swift; sourceTree = "<group>"; };
		CDDC79412C6573FA00DC8323 /* Base */ = {isa = PBXFileReference; lastKnownFileType = file.storyboard; name = Base; path = Base.lproj/Main.storyboard; sourceTree = "<group>"; };
		CDDC79442C6573FA00DC8323 /* Notes2.xcdatamodel */ = {isa = PBXFileReference; lastKnownFileType = wrapper.xcdatamodel; path = Notes2.xcdatamodel; sourceTree = "<group>"; };
		CDDC79462C6573FE00DC8323 /* Assets.xcassets */ = {isa = PBXFileReference; lastKnownFileType = folder.assetcatalog; path = Assets.xcassets; sourceTree = "<group>"; };
		CDDC79492C6573FE00DC8323 /* Base */ = {isa = PBXFileReference; lastKnownFileType = file.storyboard; name = Base; path = Base.lproj/LaunchScreen.storyboard; sourceTree = "<group>"; };
		CDDC794B2C6573FE00DC8323 /* Info.plist */ = {isa = PBXFileReference; lastKnownFileType = text.plist.xml; path = Info.plist; sourceTree = "<group>"; };
		CDDC79532C65743C00DC8323 /* HomeViewController.swift */ = {isa = PBXFileReference; lastKnownFileType = sourcecode.swift; path = HomeViewController.swift; sourceTree = "<group>"; };
		CDDC79572C65745600DC8323 /* AddNoteViewController.swift */ = {isa = PBXFileReference; lastKnownFileType = sourcecode.swift; path = AddNoteViewController.swift; sourceTree = "<group>"; };
		CDDC79592C65746D00DC8323 /* Note.swift */ = {isa = PBXFileReference; lastKnownFileType = sourcecode.swift; path = Note.swift; sourceTree = "<group>"; };
/* End PBXFileReference section */

/* Begin PBXFrameworksBuildPhase section */
		CDDC79342C6573FA00DC8323 /* Frameworks */ = {
			isa = PBXFrameworksBuildPhase;
			buildActionMask = 2147483647;
			files = (
			);
			runOnlyForDeploymentPostprocessing = 0;
		};
/* End PBXFrameworksBuildPhase section */

/* Begin PBXGroup section */
		CDDC792E2C6573FA00DC8323 = {
			isa = PBXGroup;
			children = (
				CDDC79392C6573FA00DC8323 /* Notes2 */,
				CDDC79382C6573FA00DC8323 /* Products */,
			);
			sourceTree = "<group>";
		};
		CDDC79382C6573FA00DC8323 /* Products */ = {
			isa = PBXGroup;
			children = (
				CDDC79372C6573FA00DC8323 /* Notes2.app */,
			);
			name = Products;
			sourceTree = "<group>";
		};
		CDDC79392C6573FA00DC8323 /* Notes2 */ = {
			isa = PBXGroup;
			children = (
				CDDC79522C65741B00DC8323 /* View */,
				CDDC79512C65741500DC8323 /* Model */,
				CDDC793A2C6573FA00DC8323 /* AppDelegate.swift */,
				CDDC793C2C6573FA00DC8323 /* SceneDelegate.swift */,
				CDDC79402C6573FA00DC8323 /* Main.storyboard */,
				CDDC79462C6573FE00DC8323 /* Assets.xcassets */,
				CDDC79482C6573FE00DC8323 /* LaunchScreen.storyboard */,
				CDDC794B2C6573FE00DC8323 /* Info.plist */,
				CDDC79432C6573FA00DC8323 /* Notes2.xcdatamodeld */,
			);
			path = Notes2;
			sourceTree = "<group>";
		};
		CDDC79512C65741500DC8323 /* Model */ = {
			isa = PBXGroup;
			children = (
				CDDC79592C65746D00DC8323 /* Note.swift */,
			);
			path = Model;
			sourceTree = "<group>";
		};
		CDDC79522C65741B00DC8323 /* View */ = {
			isa = PBXGroup;
			children = (
				CDDC79532C65743C00DC8323 /* HomeViewController.swift */,
				CDDC79572C65745600DC8323 /* AddNoteViewController.swift */,
			);
			path = View;
			sourceTree = "<group>";
		};
/* End PBXGroup section */

/* Begin PBXNativeTarget section */
		CDDC79362C6573FA00DC8323 /* Notes2 */ = {
			isa = PBXNativeTarget;
			buildConfigurationList = CDDC794E2C6573FE00DC8323 /* Build configuration list for PBXNativeTarget "Notes2" */;
			buildPhases = (
				CDDC79332C6573FA00DC8323 /* Sources */,
				CDDC79342C6573FA00DC8323 /* Frameworks */,
				CDDC79352C6573FA00DC8323 /* Resources */,
			);
			buildRules = (
			);
			dependencies = (
			);
			name = Notes2;
			productName = Notes2;
			productReference = CDDC79372C6573FA00DC8323 /* Notes2.app */;
			productType = "com.apple.product-type.application";
		};
/* End PBXNativeTarget section */

/* Begin PBXProject section */
		CDDC792F2C6573FA00DC8323 /* Project object */ = {
			isa = PBXProject;
			attributes = {
				BuildIndependentTargetsInParallel = 1;
				LastSwiftUpdateCheck = 1540;
				LastUpgradeCheck = 1540;
				TargetAttributes = {
					CDDC79362C6573FA00DC8323 = {
						CreatedOnToolsVersion = 15.4;
					};
				};
			};
			buildConfigurationList = CDDC79322C6573FA00DC8323 /* Build configuration list for PBXProject "Notes2" */;
			compatibilityVersion = "Xcode 14.0";
			developmentRegion = en;
			hasScannedForEncodings = 0;
			knownRegions = (
				en,
				Base,
			);
			mainGroup = CDDC792E2C6573FA00DC8323;
			productRefGroup = CDDC79382C6573FA00DC8323 /* Products */;
			projectDirPath = "";
			projectRoot = "";
			targets = (
				CDDC79362C6573FA00DC8323 /* Notes2 */,
			);
		};
/* End PBXProject section */

/* Begin PBXResourcesBuildPhase section */
		CDDC79352C6573FA00DC8323 /* Resources */ = {
			isa = PBXResourcesBuildPhase;
			buildActionMask = 2147483647;
			files = (
				CDDC79472C6573FE00DC8323 /* Assets.xcassets in Resources */,
				CDDC794A2C6573FE00DC8323 /* Base in Resources */,
				CDDC79422C6573FA00DC8323 /* Base in Resources */,
			);
			runOnlyForDeploymentPostprocessing = 0;
		};
/* End PBXResourcesBuildPhase section */

/* Begin PBXSourcesBuildPhase section */
		CDDC79332C6573FA00DC8323 /* Sources */ = {
			isa = PBXSourcesBuildPhase;
			buildActionMask = 2147483647;
			files = (
				CDDC793B2C6573FA00DC8323 /* AppDelegate.swift in Sources */,
				CDDC79452C6573FA00DC8323 /* Notes2.xcdatamodeld in Sources */,
				CDDC793D2C6573FA00DC8323 /* SceneDelegate.swift in Sources */,
				CDDC79582C65745600DC8323 /* AddNoteViewController.swift in Sources */,
				CDDC79542C65743C00DC8323 /* HomeViewController.swift in Sources */,
				CDDC795A2C65746D00DC8323 /* Note.swift in Sources */,
			);
			runOnlyForDeploymentPostprocessing = 0;
		};
/* End PBXSourcesBuildPhase section */

/* Begin PBXVariantGroup section */
		CDDC79402C6573FA00DC8323 /* Main.storyboard */ = {
			isa = PBXVariantGroup;
			children = (
				CDDC79412C6573FA00DC8323 /* Base */,
			);
			name = Main.storyboard;
			sourceTree = "<group>";
		};
		CDDC79482C6573FE00DC8323 /* LaunchScreen.storyboard */ = {
			isa = PBXVariantGroup;
			children = (
				CDDC79492C6573FE00DC8323 /* Base */,
			);
			name = LaunchScreen.storyboard;
			sourceTree = "<group>";
		};
/* End PBXVariantGroup section */

/* Begin XCBuildConfiguration section */
		CDDC794C2C6573FE00DC8323 /* Debug */ = {
			isa = XCBuildConfiguration;
			buildSettings = {
				ALWAYS_SEARCH_USER_PATHS = NO;
				ASSETCATALOG_COMPILER_GENERATE_SWIFT_ASSET_SYMBOL_EXTENSIONS = YES;
				CLANG_ANALYZER_NONNULL = YES;
				CLANG_ANALYZER_NUMBER_OBJECT_CONVERSION = YES_AGGRESSIVE;
				CLANG_CXX_LANGUAGE_STANDARD = "gnu++20";
				CLANG_ENABLE_MODULES = YES;
				CLANG_ENABLE_OBJC_ARC = YES;
				CLANG_ENABLE_OBJC_WEAK = YES;
				CLANG_WARN_BLOCK_CAPTURE_AUTORELEASING = YES;
				CLANG_WARN_BOOL_CONVERSION = YES;
				CLANG_WARN_COMMA = YES;
				CLANG_WARN_CONSTANT_CONVERSION = YES;
				CLANG_WARN_DEPRECATED_OBJC_IMPLEMENTATIONS = YES;
				CLANG_WARN_DIRECT_OBJC_ISA_USAGE = YES_ERROR;
				CLANG_WARN_DOCUMENTATION_COMMENTS = YES;
				CLANG_WARN_EMPTY_BODY = YES;
				CLANG_WARN_ENUM_CONVERSION = YES;
				CLANG_WARN_INFINITE_RECURSION = YES;
				CLANG_WARN_INT_CONVERSION = YES;
				CLANG_WARN_NON_LITERAL_NULL_CONVERSION = YES;
				CLANG_WARN_OBJC_IMPLICIT_RETAIN_SELF = YES;
				CLANG_WARN_OBJC_LITERAL_CONVERSION = YES;
				CLANG_WARN_OBJC_ROOT_CLASS = YES_ERROR;
				CLANG_WARN_QUOTED_INCLUDE_IN_FRAMEWORK_HEADER = YES;
				CLANG_WARN_RANGE_LOOP_ANALYSIS = YES;
				CLANG_WARN_STRICT_PROTOTYPES = YES;
				CLANG_WARN_SUSPICIOUS_MOVE = YES;
				CLANG_WARN_UNGUARDED_AVAILABILITY = YES_AGGRESSIVE;
				CLANG_WARN_UNREACHABLE_CODE = YES;
				CLANG_WARN__DUPLICATE_METHOD_MATCH = YES;
				COPY_PHASE_STRIP = NO;
				DEBUG_INFORMATION_FORMAT = dwarf;
				ENABLE_STRICT_OBJC_MSGSEND = YES;
				ENABLE_TESTABILITY = YES;
				ENABLE_USER_SCRIPT_SANDBOXING = YES;
				GCC_C_LANGUAGE_STANDARD = gnu17;
				GCC_DYNAMIC_NO_PIC = NO;
				GCC_NO_COMMON_BLOCKS = YES;
				GCC_OPTIMIZATION_LEVEL = 0;
				GCC_PREPROCESSOR_DEFINITIONS = (
					"DEBUG=1",
					"$(inherited)",
				);
				GCC_WARN_64_TO_32_BIT_CONVERSION = YES;
				GCC_WARN_ABOUT_RETURN_TYPE = YES_ERROR;
				GCC_WARN_UNDECLARED_SELECTOR = YES;
				GCC_WARN_UNINITIALIZED_AUTOS = YES_AGGRESSIVE;
				GCC_WARN_UNUSED_FUNCTION = YES;
				GCC_WARN_UNUSED_VARIABLE = YES;
				IPHONEOS_DEPLOYMENT_TARGET = 17.5;
				LOCALIZATION_PREFERS_STRING_CATALOGS = YES;
				MTL_ENABLE_DEBUG_INFO = INCLUDE_SOURCE;
				MTL_FAST_MATH = YES;
				ONLY_ACTIVE_ARCH = YES;
				SDKROOT = iphoneos;
				SWIFT_ACTIVE_COMPILATION_CONDITIONS = "DEBUG $(inherited)";
				SWIFT_OPTIMIZATION_LEVEL = "-Onone";
			};
			name = Debug;
		};
		CDDC794D2C6573FE00DC8323 /* Release */ = {
			isa = XCBuildConfiguration;
			buildSettings = {
				ALWAYS_SEARCH_USER_PATHS = NO;
				ASSETCATALOG_COMPILER_GENERATE_SWIFT_ASSET_SYMBOL_EXTENSIONS = YES;
				CLANG_ANALYZER_NONNULL = YES;
				CLANG_ANALYZER_NUMBER_OBJECT_CONVERSION = YES_AGGRESSIVE;
				CLANG_CXX_LANGUAGE_STANDARD = "gnu++20";
				CLANG_ENABLE_MODULES = YES;
				CLANG_ENABLE_OBJC_ARC = YES;
				CLANG_ENABLE_OBJC_WEAK = YES;
				CLANG_WARN_BLOCK_CAPTURE_AUTORELEASING = YES;
				CLANG_WARN_BOOL_CONVERSION = YES;
				CLANG_WARN_COMMA = YES;
				CLANG_WARN_CONSTANT_CONVERSION = YES;
				CLANG_WARN_DEPRECATED_OBJC_IMPLEMENTATIONS = YES;
				CLANG_WARN_DIRECT_OBJC_ISA_USAGE = YES_ERROR;
				CLANG_WARN_DOCUMENTATION_COMMENTS = YES;
				CLANG_WARN_EMPTY_BODY = YES;
				CLANG_WARN_ENUM_CONVERSION = YES;
				CLANG_WARN_INFINITE_RECURSION = YES;
				CLANG_WARN_INT_CONVERSION = YES;
				CLANG_WARN_NON_LITERAL_NULL_CONVERSION = YES;
				CLANG_WARN_OBJC_IMPLICIT_RETAIN_SELF = YES;
				CLANG_WARN_OBJC_LITERAL_CONVERSION = YES;
				CLANG_WARN_OBJC_ROOT_CLASS = YES_ERROR;
				CLANG_WARN_QUOTED_INCLUDE_IN_FRAMEWORK_HEADER = YES;
				CLANG_WARN_RANGE_LOOP_ANALYSIS = YES;
				CLANG_WARN_STRICT_PROTOTYPES = YES;
				CLANG_WARN_SUSPICIOUS_MOVE = YES;
				CLANG_WARN_UNGUARDED_AVAILABILITY = YES_AGGRESSIVE;
				CLANG_WARN_UNREACHABLE_CODE = YES;
				CLANG_WARN__DUPLICATE_METHOD_MATCH = YES;
				COPY_PHASE_STRIP = NO;
				DEBUG_INFORMATION_FORMAT = "dwarf-with-dsym";
				ENABLE_NS_ASSERTIONS = NO;
				ENABLE_STRICT_OBJC_MSGSEND = YES;
				ENABLE_USER_SCRIPT_SANDBOXING = YES;
				GCC_C_LANGUAGE_STANDARD = gnu17;
				GCC_NO_COMMON_BLOCKS = YES;
				GCC_WARN_64_TO_32_BIT_CONVERSION = YES;
				GCC_WARN_ABOUT_RETURN_TYPE = YES_ERROR;
				GCC_WARN_UNDECLARED_SELECTOR = YES;
				GCC_WARN_UNINITIALIZED_AUTOS = YES_AGGRESSIVE;
				GCC_WARN_UNUSED_FUNCTION = YES;
				GCC_WARN_UNUSED_VARIABLE = YES;
				IPHONEOS_DEPLOYMENT_TARGET = 17.5;
				LOCALIZATION_PREFERS_STRING_CATALOGS = YES;
				MTL_ENABLE_DEBUG_INFO = NO;
				MTL_FAST_MATH = YES;
				SDKROOT = iphoneos;
				SWIFT_COMPILATION_MODE = wholemodule;
				VALIDATE_PRODUCT = YES;
			};
			name = Release;
		};
		CDDC794F2C6573FE00DC8323 /* Debug */ = {
			isa = XCBuildConfiguration;
			buildSettings = {
				ASSETCATALOG_COMPILER_APPICON_NAME = AppIcon;
				ASSETCATALOG_COMPILER_GLOBAL_ACCENT_COLOR_NAME = AccentColor;
				CODE_SIGN_STYLE = Automatic;
				CURRENT_PROJECT_VERSION = 1;
				DEVELOPMENT_TEAM = A54H64GDFR;
				GENERATE_INFOPLIST_FILE = YES;
				INFOPLIST_FILE = Notes2/Info.plist;
				INFOPLIST_KEY_UIApplicationSupportsIndirectInputEvents = YES;
				INFOPLIST_KEY_UILaunchStoryboardName = LaunchScreen;
				INFOPLIST_KEY_UIMainStoryboardFile = Main;
				INFOPLIST_KEY_UISupportedInterfaceOrientations_iPad = "UIInterfaceOrientationPortrait UIInterfaceOrientationPortraitUpsideDown UIInterfaceOrientationLandscapeLeft UIInterfaceOrientationLandscapeRight";
				INFOPLIST_KEY_UISupportedInterfaceOrientations_iPhone = "UIInterfaceOrientationPortrait UIInterfaceOrientationLandscapeLeft UIInterfaceOrientationLandscapeRight";
				LD_RUNPATH_SEARCH_PATHS = (
					"$(inherited)",
					"@executable_path/Frameworks",
				);
				MARKETING_VERSION = 1.0;
				PRODUCT_BUNDLE_IDENTIFIER = com.hajduksanchez.Notes2;
				PRODUCT_NAME = "$(TARGET_NAME)";
				SWIFT_EMIT_LOC_STRINGS = YES;
				SWIFT_VERSION = 5.0;
				TARGETED_DEVICE_FAMILY = "1,2";
			};
			name = Debug;
		};
		CDDC79502C6573FE00DC8323 /* Release */ = {
			isa = XCBuildConfiguration;
			buildSettings = {
				ASSETCATALOG_COMPILER_APPICON_NAME = AppIcon;
				ASSETCATALOG_COMPILER_GLOBAL_ACCENT_COLOR_NAME = AccentColor;
				CODE_SIGN_STYLE = Automatic;
				CURRENT_PROJECT_VERSION = 1;
				DEVELOPMENT_TEAM = A54H64GDFR;
				GENERATE_INFOPLIST_FILE = YES;
				INFOPLIST_FILE = Notes2/Info.plist;
				INFOPLIST_KEY_UIApplicationSupportsIndirectInputEvents = YES;
				INFOPLIST_KEY_UILaunchStoryboardName = LaunchScreen;
				INFOPLIST_KEY_UIMainStoryboardFile = Main;
				INFOPLIST_KEY_UISupportedInterfaceOrientations_iPad = "UIInterfaceOrientationPortrait UIInterfaceOrientationPortraitUpsideDown UIInterfaceOrientationLandscapeLeft UIInterfaceOrientationLandscapeRight";
				INFOPLIST_KEY_UISupportedInterfaceOrientations_iPhone = "UIInterfaceOrientationPortrait UIInterfaceOrientationLandscapeLeft UIInterfaceOrientationLandscapeRight";
				LD_RUNPATH_SEARCH_PATHS = (
					"$(inherited)",
					"@executable_path/Frameworks",
				);
				MARKETING_VERSION = 1.0;
				PRODUCT_BUNDLE_IDENTIFIER = com.hajduksanchez.Notes2;
				PRODUCT_NAME = "$(TARGET_NAME)";
				SWIFT_EMIT_LOC_STRINGS = YES;
				SWIFT_VERSION = 5.0;
				TARGETED_DEVICE_FAMILY = "1,2";
			};
			name = Release;
		};
/* End XCBuildConfiguration section */

/* Begin XCConfigurationList section */
		CDDC79322C6573FA00DC8323 /* Build configuration list for PBXProject "Notes2" */ = {
			isa = XCConfigurationList;
			buildConfigurations = (
				CDDC794C2C6573FE00DC8323 /* Debug */,
				CDDC794D2C6573FE00DC8323 /* Release */,
			);
			defaultConfigurationIsVisible = 0;
			defaultConfigurationName = Release;
		};
		CDDC794E2C6573FE00DC8323 /* Build configuration list for PBXNativeTarget "Notes2" */ = {
			isa = XCConfigurationList;
			buildConfigurations = (
				CDDC794F2C6573FE00DC8323 /* Debug */,
				CDDC79502C6573FE00DC8323 /* Release */,
			);
			defaultConfigurationIsVisible = 0;
			defaultConfigurationName = Release;
		};
/* End XCConfigurationList section */

/* Begin XCVersionGroup section */
		CDDC79432C6573FA00DC8323 /* Notes2.xcdatamodeld */ = {
			isa = XCVersionGroup;
			children = (
				CDDC79442C6573FA00DC8323 /* Notes2.xcdatamodel */,
			);
			currentVersion = CDDC79442C6573FA00DC8323 /* Notes2.xcdatamodel */;
			path = Notes2.xcdatamodeld;
			sourceTree = "<group>";
			versionGroupType = wrapper.xcdatamodel;
		};
/* End XCVersionGroup section */
	};
	rootObject = CDDC792F2C6573FA00DC8323 /* Project object */;
}
